// !$*UTF8*$!
{
	archiveVersion = 1;
	classes = {
	};
	objectVersion = 48;
	objects = {

/* Begin PBXBuildFile section */
		EB895B591FF36136001827D5 /* AppDelegate.swift in Sources */ = {isa = PBXBuildFile; fileRef = EB895B581FF36136001827D5 /* AppDelegate.swift */; };
		EB895B5B1FF36136001827D5 /* ViewController.swift in Sources */ = {isa = PBXBuildFile; fileRef = EB895B5A1FF36136001827D5 /* ViewController.swift */; };
		EB895B5E1FF36136001827D5 /* Main.storyboard in Resources */ = {isa = PBXBuildFile; fileRef = EB895B5C1FF36136001827D5 /* Main.storyboard */; };
		EB895B601FF36136001827D5 /* Assets.xcassets in Resources */ = {isa = PBXBuildFile; fileRef = EB895B5F1FF36136001827D5 /* Assets.xcassets */; };
		EB895B631FF36136001827D5 /* LaunchScreen.storyboard in Resources */ = {isa = PBXBuildFile; fileRef = EB895B611FF36136001827D5 /* LaunchScreen.storyboard */; };
		EB895B6E1FF36136001827D5 /* BLESimTests.swift in Sources */ = {isa = PBXBuildFile; fileRef = EB895B6D1FF36136001827D5 /* BLESimTests.swift */; };
		EB895B791FF36136001827D5 /* BLESimUITests.swift in Sources */ = {isa = PBXBuildFile; fileRef = EB895B781FF36136001827D5 /* BLESimUITests.swift */; };
		EB95DE692084544E00CE223B /* BLESimFramework.framework in Frameworks */ = {isa = PBXBuildFile; fileRef = EB95DE682084544E00CE223B /* BLESimFramework.framework */; };
		EB95DE6A2084544E00CE223B /* BLESimFramework.framework in Embed Frameworks */ = {isa = PBXBuildFile; fileRef = EB95DE682084544E00CE223B /* BLESimFramework.framework */; settings = {ATTRIBUTES = (CodeSignOnCopy, RemoveHeadersOnCopy, ); }; };
/* End PBXBuildFile section */

/* Begin PBXContainerItemProxy section */
		EB895B6A1FF36136001827D5 /* PBXContainerItemProxy */ = {
			isa = PBXContainerItemProxy;
			containerPortal = EB895B4D1FF36136001827D5 /* Project object */;
			proxyType = 1;
			remoteGlobalIDString = EB895B541FF36136001827D5;
			remoteInfo = BLESim;
		};
		EB895B751FF36136001827D5 /* PBXContainerItemProxy */ = {
			isa = PBXContainerItemProxy;
			containerPortal = EB895B4D1FF36136001827D5 /* Project object */;
			proxyType = 1;
			remoteGlobalIDString = EB895B541FF36136001827D5;
			remoteInfo = BLESim;
		};
/* End PBXContainerItemProxy section */

/* Begin PBXCopyFilesBuildPhase section */
		EB95DE5F208450D300CE223B /* Embed Frameworks */ = {
			isa = PBXCopyFilesBuildPhase;
			buildActionMask = 2147483647;
			dstPath = "";
			dstSubfolderSpec = 10;
			files = (
				EB95DE6A2084544E00CE223B /* BLESimFramework.framework in Embed Frameworks */,
			);
			name = "Embed Frameworks";
			runOnlyForDeploymentPostprocessing = 0;
		};
/* End PBXCopyFilesBuildPhase section */

/* Begin PBXFileReference section */
		EB895B551FF36136001827D5 /* BLESim.app */ = {isa = PBXFileReference; explicitFileType = wrapper.application; includeInIndex = 0; path = BLESim.app; sourceTree = BUILT_PRODUCTS_DIR; };
		EB895B581FF36136001827D5 /* AppDelegate.swift */ = {isa = PBXFileReference; lastKnownFileType = sourcecode.swift; path = AppDelegate.swift; sourceTree = "<group>"; };
		EB895B5A1FF36136001827D5 /* ViewController.swift */ = {isa = PBXFileReference; lastKnownFileType = sourcecode.swift; path = ViewController.swift; sourceTree = "<group>"; };
		EB895B5D1FF36136001827D5 /* Base */ = {isa = PBXFileReference; lastKnownFileType = file.storyboard; name = Base; path = Base.lproj/Main.storyboard; sourceTree = "<group>"; };
		EB895B5F1FF36136001827D5 /* Assets.xcassets */ = {isa = PBXFileReference; lastKnownFileType = folder.assetcatalog; path = Assets.xcassets; sourceTree = "<group>"; };
		EB895B621FF36136001827D5 /* Base */ = {isa = PBXFileReference; lastKnownFileType = file.storyboard; name = Base; path = Base.lproj/LaunchScreen.storyboard; sourceTree = "<group>"; };
		EB895B641FF36136001827D5 /* Info.plist */ = {isa = PBXFileReference; lastKnownFileType = text.plist.xml; path = Info.plist; sourceTree = "<group>"; };
		EB895B691FF36136001827D5 /* BLESimTests.xctest */ = {isa = PBXFileReference; explicitFileType = wrapper.cfbundle; includeInIndex = 0; path = BLESimTests.xctest; sourceTree = BUILT_PRODUCTS_DIR; };
		EB895B6D1FF36136001827D5 /* BLESimTests.swift */ = {isa = PBXFileReference; lastKnownFileType = sourcecode.swift; path = BLESimTests.swift; sourceTree = "<group>"; };
		EB895B6F1FF36136001827D5 /* Info.plist */ = {isa = PBXFileReference; lastKnownFileType = text.plist.xml; path = Info.plist; sourceTree = "<group>"; };
		EB895B741FF36136001827D5 /* BLESimUITests.xctest */ = {isa = PBXFileReference; explicitFileType = wrapper.cfbundle; includeInIndex = 0; path = BLESimUITests.xctest; sourceTree = BUILT_PRODUCTS_DIR; };
		EB895B781FF36136001827D5 /* BLESimUITests.swift */ = {isa = PBXFileReference; lastKnownFileType = sourcecode.swift; path = BLESimUITests.swift; sourceTree = "<group>"; };
		EB895B7A1FF36136001827D5 /* Info.plist */ = {isa = PBXFileReference; lastKnownFileType = text.plist.xml; path = Info.plist; sourceTree = "<group>"; };
		EB95DE682084544E00CE223B /* BLESimFramework.framework */ = {isa = PBXFileReference; explicitFileType = wrapper.framework; path = BLESimFramework.framework; sourceTree = BUILT_PRODUCTS_DIR; };
		EBA582D41FF4C19900AFA87B /* SimBLE.xcconfig */ = {isa = PBXFileReference; lastKnownFileType = text.xcconfig; path = SimBLE.xcconfig; sourceTree = "<group>"; };
/* End PBXFileReference section */

/* Begin PBXFrameworksBuildPhase section */
		EB895B521FF36136001827D5 /* Frameworks */ = {
			isa = PBXFrameworksBuildPhase;
			buildActionMask = 2147483647;
			files = (
				EB95DE692084544E00CE223B /* BLESimFramework.framework in Frameworks */,
			);
			runOnlyForDeploymentPostprocessing = 0;
		};
		EB895B661FF36136001827D5 /* Frameworks */ = {
			isa = PBXFrameworksBuildPhase;
			buildActionMask = 2147483647;
			files = (
			);
			runOnlyForDeploymentPostprocessing = 0;
		};
		EB895B711FF36136001827D5 /* Frameworks */ = {
			isa = PBXFrameworksBuildPhase;
			buildActionMask = 2147483647;
			files = (
			);
			runOnlyForDeploymentPostprocessing = 0;
		};
/* End PBXFrameworksBuildPhase section */

/* Begin PBXGroup section */
		EB895B4C1FF36136001827D5 = {
			isa = PBXGroup;
			children = (
				EB95DE682084544E00CE223B /* BLESimFramework.framework */,
				EBA582D41FF4C19900AFA87B /* SimBLE.xcconfig */,
				EB895B571FF36136001827D5 /* BLESim */,
				EB895B6C1FF36136001827D5 /* BLESimTests */,
				EB895B771FF36136001827D5 /* BLESimUITests */,
				EB895B561FF36136001827D5 /* Products */,
				EB95DE632084533600CE223B /* Frameworks */,
			);
			sourceTree = "<group>";
		};
		EB895B561FF36136001827D5 /* Products */ = {
			isa = PBXGroup;
			children = (
				EB895B551FF36136001827D5 /* BLESim.app */,
				EB895B691FF36136001827D5 /* BLESimTests.xctest */,
				EB895B741FF36136001827D5 /* BLESimUITests.xctest */,
			);
			name = Products;
			sourceTree = "<group>";
		};
		EB895B571FF36136001827D5 /* BLESim */ = {
			isa = PBXGroup;
			children = (
				EB895B581FF36136001827D5 /* AppDelegate.swift */,
				EB895B5A1FF36136001827D5 /* ViewController.swift */,
				EB895B5C1FF36136001827D5 /* Main.storyboard */,
				EB895B5F1FF36136001827D5 /* Assets.xcassets */,
				EB895B611FF36136001827D5 /* LaunchScreen.storyboard */,
				EB895B641FF36136001827D5 /* Info.plist */,
			);
			path = BLESim;
			sourceTree = "<group>";
		};
		EB895B6C1FF36136001827D5 /* BLESimTests */ = {
			isa = PBXGroup;
			children = (
				EB895B6D1FF36136001827D5 /* BLESimTests.swift */,
				EB895B6F1FF36136001827D5 /* Info.plist */,
			);
			path = BLESimTests;
			sourceTree = "<group>";
		};
		EB895B771FF36136001827D5 /* BLESimUITests */ = {
			isa = PBXGroup;
			children = (
				EB895B781FF36136001827D5 /* BLESimUITests.swift */,
				EB895B7A1FF36136001827D5 /* Info.plist */,
			);
			path = BLESimUITests;
			sourceTree = "<group>";
		};
		EB95DE632084533600CE223B /* Frameworks */ = {
			isa = PBXGroup;
			children = (
			);
			name = Frameworks;
			sourceTree = "<group>";
		};
/* End PBXGroup section */

/* Begin PBXNativeTarget section */
		EB895B541FF36136001827D5 /* BLESim */ = {
			isa = PBXNativeTarget;
			buildConfigurationList = EB895B7D1FF36136001827D5 /* Build configuration list for PBXNativeTarget "BLESim" */;
			buildPhases = (
				EB895B511FF36136001827D5 /* Sources */,
				EB895B521FF36136001827D5 /* Frameworks */,
				EB895B531FF36136001827D5 /* Resources */,
				EB95DE5F208450D300CE223B /* Embed Frameworks */,
			);
			buildRules = (
			);
			dependencies = (
			);
			name = BLESim;
			productName = BLESim;
			productReference = EB895B551FF36136001827D5 /* BLESim.app */;
			productType = "com.apple.product-type.application";
		};
		EB895B681FF36136001827D5 /* BLESimTests */ = {
			isa = PBXNativeTarget;
			buildConfigurationList = EB895B801FF36136001827D5 /* Build configuration list for PBXNativeTarget "BLESimTests" */;
			buildPhases = (
				EB895B651FF36136001827D5 /* Sources */,
				EB895B661FF36136001827D5 /* Frameworks */,
				EB895B671FF36136001827D5 /* Resources */,
			);
			buildRules = (
			);
			dependencies = (
				EB895B6B1FF36136001827D5 /* PBXTargetDependency */,
			);
			name = BLESimTests;
			productName = BLESimTests;
			productReference = EB895B691FF36136001827D5 /* BLESimTests.xctest */;
			productType = "com.apple.product-type.bundle.unit-test";
		};
		EB895B731FF36136001827D5 /* BLESimUITests */ = {
			isa = PBXNativeTarget;
			buildConfigurationList = EB895B831FF36136001827D5 /* Build configuration list for PBXNativeTarget "BLESimUITests" */;
			buildPhases = (
				EB895B701FF36136001827D5 /* Sources */,
				EB895B711FF36136001827D5 /* Frameworks */,
				EB895B721FF36136001827D5 /* Resources */,
			);
			buildRules = (
			);
			dependencies = (
				EB895B761FF36136001827D5 /* PBXTargetDependency */,
			);
			name = BLESimUITests;
			productName = BLESimUITests;
			productReference = EB895B741FF36136001827D5 /* BLESimUITests.xctest */;
			productType = "com.apple.product-type.bundle.ui-testing";
		};
/* End PBXNativeTarget section */

/* Begin PBXProject section */
		EB895B4D1FF36136001827D5 /* Project object */ = {
			isa = PBXProject;
			attributes = {
				LastSwiftUpdateCheck = 0910;
				LastUpgradeCheck = 0910;
				ORGANIZATIONNAME = CeriseGuo;
				TargetAttributes = {
					EB895B541FF36136001827D5 = {
						CreatedOnToolsVersion = 9.1;
						ProvisioningStyle = Automatic;
						SystemCapabilities = {
							com.apple.BackgroundModes = {
								enabled = 1;
							};
						};
					};
					EB895B681FF36136001827D5 = {
						CreatedOnToolsVersion = 9.1;
						ProvisioningStyle = Automatic;
						TestTargetID = EB895B541FF36136001827D5;
					};
					EB895B731FF36136001827D5 = {
						CreatedOnToolsVersion = 9.1;
						ProvisioningStyle = Automatic;
						TestTargetID = EB895B541FF36136001827D5;
					};
				};
			};
			buildConfigurationList = EB895B501FF36136001827D5 /* Build configuration list for PBXProject "BLESim" */;
			compatibilityVersion = "Xcode 8.0";
			developmentRegion = en;
			hasScannedForEncodings = 0;
			knownRegions = (
				en,
				Base,
			);
			mainGroup = EB895B4C1FF36136001827D5;
			productRefGroup = EB895B561FF36136001827D5 /* Products */;
			projectDirPath = "";
			projectRoot = "";
			targets = (
				EB895B541FF36136001827D5 /* BLESim */,
				EB895B681FF36136001827D5 /* BLESimTests */,
				EB895B731FF36136001827D5 /* BLESimUITests */,
			);
		};
/* End PBXProject section */

/* Begin PBXResourcesBuildPhase section */
		EB895B531FF36136001827D5 /* Resources */ = {
			isa = PBXResourcesBuildPhase;
			buildActionMask = 2147483647;
			files = (
				EB895B631FF36136001827D5 /* LaunchScreen.storyboard in Resources */,
				EB895B601FF36136001827D5 /* Assets.xcassets in Resources */,
				EB895B5E1FF36136001827D5 /* Main.storyboard in Resources */,
			);
			runOnlyForDeploymentPostprocessing = 0;
		};
		EB895B671FF36136001827D5 /* Resources */ = {
			isa = PBXResourcesBuildPhase;
			buildActionMask = 2147483647;
			files = (
			);
			runOnlyForDeploymentPostprocessing = 0;
		};
		EB895B721FF36136001827D5 /* Resources */ = {
			isa = PBXResourcesBuildPhase;
			buildActionMask = 2147483647;
			files = (
			);
			runOnlyForDeploymentPostprocessing = 0;
		};
/* End PBXResourcesBuildPhase section */

/* Begin PBXSourcesBuildPhase section */
		EB895B511FF36136001827D5 /* Sources */ = {
			isa = PBXSourcesBuildPhase;
			buildActionMask = 2147483647;
			files = (
				EB895B5B1FF36136001827D5 /* ViewController.swift in Sources */,
				EB895B591FF36136001827D5 /* AppDelegate.swift in Sources */,
			);
			runOnlyForDeploymentPostprocessing = 0;
		};
		EB895B651FF36136001827D5 /* Sources */ = {
			isa = PBXSourcesBuildPhase;
			buildActionMask = 2147483647;
			files = (
				EB895B6E1FF36136001827D5 /* BLESimTests.swift in Sources */,
			);
			runOnlyForDeploymentPostprocessing = 0;
		};
		EB895B701FF36136001827D5 /* Sources */ = {
			isa = PBXSourcesBuildPhase;
			buildActionMask = 2147483647;
			files = (
				EB895B791FF36136001827D5 /* BLESimUITests.swift in Sources */,
			);
			runOnlyForDeploymentPostprocessing = 0;
		};
/* End PBXSourcesBuildPhase section */

/* Begin PBXTargetDependency section */
		EB895B6B1FF36136001827D5 /* PBXTargetDependency */ = {
			isa = PBXTargetDependency;
			target = EB895B541FF36136001827D5 /* BLESim */;
			targetProxy = EB895B6A1FF36136001827D5 /* PBXContainerItemProxy */;
		};
		EB895B761FF36136001827D5 /* PBXTargetDependency */ = {
			isa = PBXTargetDependency;
			target = EB895B541FF36136001827D5 /* BLESim */;
			targetProxy = EB895B751FF36136001827D5 /* PBXContainerItemProxy */;
		};
/* End PBXTargetDependency section */

/* Begin PBXVariantGroup section */
		EB895B5C1FF36136001827D5 /* Main.storyboard */ = {
			isa = PBXVariantGroup;
			children = (
				EB895B5D1FF36136001827D5 /* Base */,
			);
			name = Main.storyboard;
			sourceTree = "<group>";
		};
		EB895B611FF36136001827D5 /* LaunchScreen.storyboard */ = {
			isa = PBXVariantGroup;
			children = (
				EB895B621FF36136001827D5 /* Base */,
			);
			name = LaunchScreen.storyboard;
			sourceTree = "<group>";
		};
/* End PBXVariantGroup section */

/* Begin XCBuildConfiguration section */
		EB895B7B1FF36136001827D5 /* Debug */ = {
			isa = XCBuildConfiguration;
			buildSettings = {
				ALWAYS_SEARCH_USER_PATHS = NO;
				CLANG_ANALYZER_NONNULL = YES;
				CLANG_ANALYZER_NUMBER_OBJECT_CONVERSION = YES_AGGRESSIVE;
				CLANG_CXX_LANGUAGE_STANDARD = "gnu++14";
				CLANG_CXX_LIBRARY = "libc++";
				CLANG_ENABLE_MODULES = YES;
				CLANG_ENABLE_OBJC_ARC = YES;
				CLANG_WARN_BLOCK_CAPTURE_AUTORELEASING = YES;
				CLANG_WARN_BOOL_CONVERSION = YES;
				CLANG_WARN_COMMA = YES;
				CLANG_WARN_CONSTANT_CONVERSION = YES;
				CLANG_WARN_DIRECT_OBJC_ISA_USAGE = YES_ERROR;
				CLANG_WARN_DOCUMENTATION_COMMENTS = YES;
				CLANG_WARN_EMPTY_BODY = YES;
				CLANG_WARN_ENUM_CONVERSION = YES;
				CLANG_WARN_INFINITE_RECURSION = YES;
				CLANG_WARN_INT_CONVERSION = YES;
				CLANG_WARN_NON_LITERAL_NULL_CONVERSION = YES;
				CLANG_WARN_OBJC_LITERAL_CONVERSION = YES;
				CLANG_WARN_OBJC_ROOT_CLASS = YES_ERROR;
				CLANG_WARN_RANGE_LOOP_ANALYSIS = YES;
				CLANG_WARN_STRICT_PROTOTYPES = YES;
				CLANG_WARN_SUSPICIOUS_MOVE = YES;
				CLANG_WARN_UNGUARDED_AVAILABILITY = YES_AGGRESSIVE;
				CLANG_WARN_UNREACHABLE_CODE = YES;
				CLANG_WARN__DUPLICATE_METHOD_MATCH = YES;
				CODE_SIGN_IDENTITY = "iPhone Developer";
				COPY_PHASE_STRIP = NO;
				DEBUG_INFORMATION_FORMAT = dwarf;
				ENABLE_STRICT_OBJC_MSGSEND = YES;
				ENABLE_TESTABILITY = YES;
				GCC_C_LANGUAGE_STANDARD = gnu11;
				GCC_DYNAMIC_NO_PIC = NO;
				GCC_NO_COMMON_BLOCKS = YES;
				GCC_OPTIMIZATION_LEVEL = 0;
				GCC_PREPROCESSOR_DEFINITIONS = (
					"DEBUG=1",
					"$(inherited)",
				);
				GCC_WARN_64_TO_32_BIT_CONVERSION = YES;
				GCC_WARN_ABOUT_RETURN_TYPE = YES_ERROR;
				GCC_WARN_UNDECLARED_SELECTOR = YES;
				GCC_WARN_UNINITIALIZED_AUTOS = YES_AGGRESSIVE;
				GCC_WARN_UNUSED_FUNCTION = YES;
				GCC_WARN_UNUSED_VARIABLE = YES;
				IPHONEOS_DEPLOYMENT_TARGET = 11.0;
				MTL_ENABLE_DEBUG_INFO = YES;
				ONLY_ACTIVE_ARCH = YES;
				SDKROOT = iphoneos11.1;
				SWIFT_ACTIVE_COMPILATION_CONDITIONS = DEBUG;
				SWIFT_OPTIMIZATION_LEVEL = "-Onone";
			};
			name = Debug;
		};
		EB895B7C1FF36136001827D5 /* Release */ = {
			isa = XCBuildConfiguration;
			buildSettings = {
				ALWAYS_SEARCH_USER_PATHS = NO;
				CLANG_ANALYZER_NONNULL = YES;
				CLANG_ANALYZER_NUMBER_OBJECT_CONVERSION = YES_AGGRESSIVE;
				CLANG_CXX_LANGUAGE_STANDARD = "gnu++14";
				CLANG_CXX_LIBRARY = "libc++";
				CLANG_ENABLE_MODULES = YES;
				CLANG_ENABLE_OBJC_ARC = YES;
				CLANG_WARN_BLOCK_CAPTURE_AUTORELEASING = YES;
				CLANG_WARN_BOOL_CONVERSION = YES;
				CLANG_WARN_COMMA = YES;
				CLANG_WARN_CONSTANT_CONVERSION = YES;
				CLANG_WARN_DIRECT_OBJC_ISA_USAGE = YES_ERROR;
				CLANG_WARN_DOCUMENTATION_COMMENTS = YES;
				CLANG_WARN_EMPTY_BODY = YES;
				CLANG_WARN_ENUM_CONVERSION = YES;
				CLANG_WARN_INFINITE_RECURSION = YES;
				CLANG_WARN_INT_CONVERSION = YES;
				CLANG_WARN_NON_LITERAL_NULL_CONVERSION = YES;
				CLANG_WARN_OBJC_LITERAL_CONVERSION = YES;
				CLANG_WARN_OBJC_ROOT_CLASS = YES_ERROR;
				CLANG_WARN_RANGE_LOOP_ANALYSIS = YES;
				CLANG_WARN_STRICT_PROTOTYPES = YES;
				CLANG_WARN_SUSPICIOUS_MOVE = YES;
				CLANG_WARN_UNGUARDED_AVAILABILITY = YES_AGGRESSIVE;
				CLANG_WARN_UNREACHABLE_CODE = YES;
				CLANG_WARN__DUPLICATE_METHOD_MATCH = YES;
				CODE_SIGN_IDENTITY = "iPhone Developer";
				COPY_PHASE_STRIP = NO;
				DEBUG_INFORMATION_FORMAT = "dwarf-with-dsym";
				ENABLE_NS_ASSERTIONS = NO;
				ENABLE_STRICT_OBJC_MSGSEND = YES;
				GCC_C_LANGUAGE_STANDARD = gnu11;
				GCC_NO_COMMON_BLOCKS = YES;
				GCC_WARN_64_TO_32_BIT_CONVERSION = YES;
				GCC_WARN_ABOUT_RETURN_TYPE = YES_ERROR;
				GCC_WARN_UNDECLARED_SELECTOR = YES;
				GCC_WARN_UNINITIALIZED_AUTOS = YES_AGGRESSIVE;
				GCC_WARN_UNUSED_FUNCTION = YES;
				GCC_WARN_UNUSED_VARIABLE = YES;
				IPHONEOS_DEPLOYMENT_TARGET = 11.0;
				MTL_ENABLE_DEBUG_INFO = NO;
				SDKROOT = iphoneos11.1;
				SWIFT_OPTIMIZATION_LEVEL = "-Owholemodule";
				VALIDATE_PRODUCT = YES;
			};
			name = Release;
		};
		EB895B7E1FF36136001827D5 /* Debug */ = {
			isa = XCBuildConfiguration;
			buildSettings = {
				ASSETCATALOG_COMPILER_APPICON_NAME = AppIcon;
				CODE_SIGN_STYLE = Automatic;
				DEVELOPMENT_TEAM = 67ZFH2M7UG;
				FRAMEWORK_SEARCH_PATHS = "$(inherited)";
				INFOPLIST_FILE = BLESim/Info.plist;
				IPHONEOS_DEPLOYMENT_TARGET = 11.0;
				LD_RUNPATH_SEARCH_PATHS = "$(inherited) @executable_path/Frameworks";
				PRODUCT_BUNDLE_IDENTIFIER = com.cerise.BLESim;
				PRODUCT_NAME = "$(TARGET_NAME)";
				SWIFT_VERSION = 4.0;
				TARGETED_DEVICE_FAMILY = "1,2";
			};
			name = Debug;
		};
		EB895B7F1FF36136001827D5 /* Release */ = {
			isa = XCBuildConfiguration;
			buildSettings = {
				ASSETCATALOG_COMPILER_APPICON_NAME = AppIcon;
				CODE_SIGN_STYLE = Automatic;
				DEVELOPMENT_TEAM = 67ZFH2M7UG;
				FRAMEWORK_SEARCH_PATHS = (
					"$(inherited)",
					"“build/Release-iphoneos/BLESimFramework”",
				);
				INFOPLIST_FILE = BLESim/Info.plist;
				IPHONEOS_DEPLOYMENT_TARGET = 11.0;
				LD_RUNPATH_SEARCH_PATHS = "$(inherited) @executable_path/Frameworks";
				PRODUCT_BUNDLE_IDENTIFIER = com.cerise.BLESim;
				PRODUCT_NAME = "$(TARGET_NAME)";
				SWIFT_VERSION = 4.0;
				TARGETED_DEVICE_FAMILY = "1,2";
			};
			name = Release;
		};
		EB895B811FF36136001827D5 /* Debug */ = {
			isa = XCBuildConfiguration;
			buildSettings = {
				ALWAYS_EMBED_SWIFT_STANDARD_LIBRARIES = YES;
				BUNDLE_LOADER = "$(TEST_HOST)";
				CODE_SIGN_STYLE = Automatic;
				DEVELOPMENT_TEAM = MMNZLJF6TS;
				INFOPLIST_FILE = BLESimTests/Info.plist;
				LD_RUNPATH_SEARCH_PATHS = "$(inherited) @executable_path/Frameworks @loader_path/Frameworks";
				PRODUCT_BUNDLE_IDENTIFIER = com.cerise.BLESimTests;
				PRODUCT_NAME = "$(TARGET_NAME)";
				SWIFT_VERSION = 4.0;
				TARGETED_DEVICE_FAMILY = "1,2";
				TEST_HOST = "$(BUILT_PRODUCTS_DIR)/BLESim.app/BLESim";
			};
			name = Debug;
		};
		EB895B821FF36136001827D5 /* Release */ = {
			isa = XCBuildConfiguration;
			buildSettings = {
				ALWAYS_EMBED_SWIFT_STANDARD_LIBRARIES = YES;
				BUNDLE_LOADER = "$(TEST_HOST)";
				CODE_SIGN_STYLE = Automatic;
				DEVELOPMENT_TEAM = MMNZLJF6TS;
				INFOPLIST_FILE = BLESimTests/Info.plist;
				LD_RUNPATH_SEARCH_PATHS = "$(inherited) @executable_path/Frameworks @loader_path/Frameworks";
				PRODUCT_BUNDLE_IDENTIFIER = com.cerise.BLESimTests;
				PRODUCT_NAME = "$(TARGET_NAME)";
				SWIFT_VERSION = 4.0;
				TARGETED_DEVICE_FAMILY = "1,2";
				TEST_HOST = "$(BUILT_PRODUCTS_DIR)/BLESim.app/BLESim";
			};
			name = Release;
		};
		EB895B841FF36136001827D5 /* Debug */ = {
			isa = XCBuildConfiguration;
			buildSettings = {
				ALWAYS_EMBED_SWIFT_STANDARD_LIBRARIES = YES;
				CODE_SIGN_STYLE = Automatic;
				DEVELOPMENT_TEAM = MMNZLJF6TS;
				INFOPLIST_FILE = BLESimUITests/Info.plist;
				LD_RUNPATH_SEARCH_PATHS = "$(inherited) @executable_path/Frameworks @loader_path/Frameworks";
				PRODUCT_BUNDLE_IDENTIFIER = com.cerise.BLESimUITests;
				PRODUCT_NAME = "$(TARGET_NAME)";
				SWIFT_VERSION = 4.0;
				TARGETED_DEVICE_FAMILY = "1,2";
				TEST_TARGET_NAME = BLESim;
			};
			name = Debug;
		};
		EB895B851FF36136001827D5 /* Release */ = {
			isa = XCBuildConfiguration;
			buildSettings = {
				ALWAYS_EMBED_SWIFT_STANDARD_LIBRARIES = YES;
				CODE_SIGN_STYLE = Automatic;
				DEVELOPMENT_TEAM = MMNZLJF6TS;
				INFOPLIST_FILE = BLESimUITests/Info.plist;
				LD_RUNPATH_SEARCH_PATHS = "$(inherited) @executable_path/Frameworks @loader_path/Frameworks";
				PRODUCT_BUNDLE_IDENTIFIER = com.cerise.BLESimUITests;
				PRODUCT_NAME = "$(TARGET_NAME)";
				SWIFT_VERSION = 4.0;
				TARGETED_DEVICE_FAMILY = "1,2";
				TEST_TARGET_NAME = BLESim;
			};
			name = Release;
		};
		EB895B861FF37811001827D5 /* Debug.SimBLE */ = {
			isa = XCBuildConfiguration;
			baseConfigurationReference = EBA582D41FF4C19900AFA87B /* SimBLE.xcconfig */;
			buildSettings = {
				ALWAYS_SEARCH_USER_PATHS = NO;
				CLANG_ANALYZER_NONNULL = YES;
				CLANG_ANALYZER_NUMBER_OBJECT_CONVERSION = YES_AGGRESSIVE;
				CLANG_CXX_LANGUAGE_STANDARD = "gnu++14";
				CLANG_CXX_LIBRARY = "libc++";
				CLANG_ENABLE_MODULES = YES;
				CLANG_ENABLE_OBJC_ARC = YES;
				CLANG_WARN_BLOCK_CAPTURE_AUTORELEASING = YES;
				CLANG_WARN_BOOL_CONVERSION = YES;
				CLANG_WARN_COMMA = YES;
				CLANG_WARN_CONSTANT_CONVERSION = YES;
				CLANG_WARN_DIRECT_OBJC_ISA_USAGE = YES_ERROR;
				CLANG_WARN_DOCUMENTATION_COMMENTS = YES;
				CLANG_WARN_EMPTY_BODY = YES;
				CLANG_WARN_ENUM_CONVERSION = YES;
				CLANG_WARN_INFINITE_RECURSION = YES;
				CLANG_WARN_INT_CONVERSION = YES;
				CLANG_WARN_NON_LITERAL_NULL_CONVERSION = YES;
				CLANG_WARN_OBJC_LITERAL_CONVERSION = YES;
				CLANG_WARN_OBJC_ROOT_CLASS = YES_ERROR;
				CLANG_WARN_RANGE_LOOP_ANALYSIS = YES;
				CLANG_WARN_STRICT_PROTOTYPES = YES;
				CLANG_WARN_SUSPICIOUS_MOVE = YES;
				CLANG_WARN_UNGUARDED_AVAILABILITY = YES_AGGRESSIVE;
				CLANG_WARN_UNREACHABLE_CODE = YES;
				CLANG_WARN__DUPLICATE_METHOD_MATCH = YES;
				CODE_SIGN_IDENTITY = "iPhone Developer";
				COPY_PHASE_STRIP = NO;
				DEBUG_INFORMATION_FORMAT = dwarf;
				ENABLE_STRICT_OBJC_MSGSEND = YES;
				ENABLE_TESTABILITY = YES;
				GCC_C_LANGUAGE_STANDARD = gnu11;
				GCC_DYNAMIC_NO_PIC = NO;
				GCC_NO_COMMON_BLOCKS = YES;
				GCC_OPTIMIZATION_LEVEL = 0;
				GCC_PREPROCESSOR_DEFINITIONS = (
					"DEBUG=1",
					"$(inherited)",
					"$(SIM_DEFINE)",
				);
				GCC_WARN_64_TO_32_BIT_CONVERSION = YES;
				GCC_WARN_ABOUT_RETURN_TYPE = YES_ERROR;
				GCC_WARN_UNDECLARED_SELECTOR = YES;
				GCC_WARN_UNINITIALIZED_AUTOS = YES_AGGRESSIVE;
				GCC_WARN_UNUSED_FUNCTION = YES;
				GCC_WARN_UNUSED_VARIABLE = YES;
				IPHONEOS_DEPLOYMENT_TARGET = 11.0;
				MTL_ENABLE_DEBUG_INFO = YES;
				ONLY_ACTIVE_ARCH = YES;
				SDKROOT = iphoneos11.1;
				SWIFT_ACTIVE_COMPILATION_CONDITIONS = "DEBUG $(SIM_SYM_NAME)";
				SWIFT_OPTIMIZATION_LEVEL = "-Onone";
			};
			name = Debug.SimBLE;
		};
		EB895B871FF37811001827D5 /* Debug.SimBLE */ = {
			isa = XCBuildConfiguration;
			buildSettings = {
				ASSETCATALOG_COMPILER_APPICON_NAME = AppIcon;
				CODE_SIGN_STYLE = Automatic;
				DEVELOPMENT_TEAM = 67ZFH2M7UG;
				FRAMEWORK_SEARCH_PATHS = "$(inherited)";
				INFOPLIST_FILE = BLESim/Info.plist;
				IPHONEOS_DEPLOYMENT_TARGET = 11.0;
				LD_RUNPATH_SEARCH_PATHS = "$(inherited) @executable_path/Frameworks";
				PRODUCT_BUNDLE_IDENTIFIER = com.cerise.BLESim;
				PRODUCT_NAME = "$(TARGET_NAME)";
				SWIFT_VERSION = 4.0;
				TARGETED_DEVICE_FAMILY = "1,2";
			};
			name = Debug.SimBLE;
		};
		EB895B881FF37811001827D5 /* Debug.SimBLE */ = {
			isa = XCBuildConfiguration;
			buildSettings = {
				ALWAYS_EMBED_SWIFT_STANDARD_LIBRARIES = YES;
				BUNDLE_LOADER = "$(TEST_HOST)";
				CODE_SIGN_STYLE = Automatic;
				DEVELOPMENT_TEAM = MMNZLJF6TS;
				INFOPLIST_FILE = BLESimTests/Info.plist;
				LD_RUNPATH_SEARCH_PATHS = "$(inherited) @executable_path/Frameworks @loader_path/Frameworks";
				PRODUCT_BUNDLE_IDENTIFIER = com.cerise.BLESimTests;
				PRODUCT_NAME = "$(TARGET_NAME)";
				SWIFT_VERSION = 4.0;
				TARGETED_DEVICE_FAMILY = "1,2";
				TEST_HOST = "$(BUILT_PRODUCTS_DIR)/BLESim.app/BLESim";
			};
			name = Debug.SimBLE;
		};
		EB895B891FF37811001827D5 /* Debug.SimBLE */ = {
			isa = XCBuildConfiguration;
			buildSettings = {
				ALWAYS_EMBED_SWIFT_STANDARD_LIBRARIES = YES;
				CODE_SIGN_STYLE = Automatic;
				DEVELOPMENT_TEAM = MMNZLJF6TS;
				INFOPLIST_FILE = BLESimUITests/Info.plist;
				LD_RUNPATH_SEARCH_PATHS = "$(inherited) @executable_path/Frameworks @loader_path/Frameworks";
				PRODUCT_BUNDLE_IDENTIFIER = com.cerise.BLESimUITests;
				PRODUCT_NAME = "$(TARGET_NAME)";
				SWIFT_VERSION = 4.0;
				TARGETED_DEVICE_FAMILY = "1,2";
				TEST_TARGET_NAME = BLESim;
			};
			name = Debug.SimBLE;
		};
/* End XCBuildConfiguration section */

/* Begin XCConfigurationList section */
		EB895B501FF36136001827D5 /* Build configuration list for PBXProject "BLESim" */ = {
			isa = XCConfigurationList;
			buildConfigurations = (
				EB895B7B1FF36136001827D5 /* Debug */,
				EB895B861FF37811001827D5 /* Debug.SimBLE */,
				EB895B7C1FF36136001827D5 /* Release */,
			);
			defaultConfigurationIsVisible = 0;
			defaultConfigurationName = Release;
		};
		EB895B7D1FF36136001827D5 /* Build configuration list for PBXNativeTarget "BLESim" */ = {
			isa = XCConfigurationList;
			buildConfigurations = (
				EB895B7E1FF36136001827D5 /* Debug */,
				EB895B871FF37811001827D5 /* Debug.SimBLE */,
				EB895B7F1FF36136001827D5 /* Release */,
			);
			defaultConfigurationIsVisible = 0;
			defaultConfigurationName = Release;
		};
		EB895B801FF36136001827D5 /* Build configuration list for PBXNativeTarget "BLESimTests" */ = {
			isa = XCConfigurationList;
			buildConfigurations = (
				EB895B811FF36136001827D5 /* Debug */,
				EB895B881FF37811001827D5 /* Debug.SimBLE */,
				EB895B821FF36136001827D5 /* Release */,
			);
			defaultConfigurationIsVisible = 0;
			defaultConfigurationName = Release;
		};
		EB895B831FF36136001827D5 /* Build configuration list for PBXNativeTarget "BLESimUITests" */ = {
			isa = XCConfigurationList;
			buildConfigurations = (
				EB895B841FF36136001827D5 /* Debug */,
				EB895B891FF37811001827D5 /* Debug.SimBLE */,
				EB895B851FF36136001827D5 /* Release */,
			);
			defaultConfigurationIsVisible = 0;
			defaultConfigurationName = Release;
		};
/* End XCConfigurationList section */
	};
	rootObject = EB895B4D1FF36136001827D5 /* Project object */;
}
